{
  "name": "rwrw",
  "version": "1.0.0",
  "lockfileVersion": 1,
  "requires": true,
  "dependencies": {
    "kuaizi": {
      "version": "2.2.3",
      "resolved": "https://registry.npmjs.org/kuaizi/-/kuaizi-2.2.3.tgz",
      "integrity": "sha512-1yoec10AUGA6+/+I24W3Fts4b3Pc80nR2PZG+7SLd0cSn6kB+LJyYXAgoqwHjChPjSgE3RJk2kYA7RezC2noIw==",
      "requires": {
        "swch": ">= 1.0.0"
      }
    },
    "swch": {
      "version": "1.0.0",
      "resolved": "https://registry.npmjs.org/swch/-/swch-1.0.0.tgz",
      "integrity": "sha512-GzGLPpIujtRNRBpywJGvX3ejxfG5lBPMWpoADoPkJS0M+STarIJQuV479f1ScpUKQjPlDmCT71ErFyc4XlbceA=="
    }
  }
}
